
Microsoft Visual Studio Solution File, Format Version 12.00
# Visual Studio Version 17
VisualStudioVersion = 17.8.34525.116
MinimumVisualStudioVersion = 10.0.40219.1
Project("{9A19103F-16F7-4668-BE54-9A1E7A4F7556}") = "WIMMG", "WIMMG\WIMMG.csproj", "{7A865A3A-D4C7-4829-9F37-87CA1150E3A9}"
EndProject
Project("{9A19103F-16F7-4668-BE54-9A1E7A4F7556}") = "WIMMG.Client", "WIMMG.Client\WIMMG.Client.csproj", "{4F15ABDA-33E4-47ED-97C9-4413F00BE4D9}"
EndProject
Project("{9A19103F-16F7-4668-BE54-9A1E7A4F7556}") = "Parser", "Parser\Parser.csproj", "{DC1D90E1-C310-47E7-B810-4B1BC486FCAB}"
EndProject
Global
	GlobalSection(SolutionConfigurationPlatforms) = preSolution
		Debug|Any CPU = Debug|Any CPU
		Release|Any CPU = Release|Any CPU
	EndGlobalSection
	GlobalSection(ProjectConfigurationPlatforms) = postSolution
		{7A865A3A-D4C7-4829-9F37-87CA1150E3A9}.Debug|Any CPU.ActiveCfg = Debug|Any CPU
		{7A865A3A-D4C7-4829-9F37-87CA1150E3A9}.Debug|Any CPU.Build.0 = Debug|Any CPU
		{7A865A3A-D4C7-4829-9F37-87CA1150E3A9}.Release|Any CPU.ActiveCfg = Release|Any CPU
		{7A865A3A-D4C7-4829-9F37-87CA1150E3A9}.Release|Any CPU.Build.0 = Release|Any CPU
		{4F15ABDA-33E4-47ED-97C9-4413F00BE4D9}.Debug|Any CPU.ActiveCfg = Debug|Any CPU
		{4F15ABDA-33E4-47ED-97C9-4413F00BE4D9}.Debug|Any CPU.Build.0 = Debug|Any CPU
		{4F15ABDA-33E4-47ED-97C9-4413F00BE4D9}.Release|Any CPU.ActiveCfg = Release|Any CPU
		{4F15ABDA-33E4-47ED-97C9-4413F00BE4D9}.Release|Any CPU.Build.0 = Release|Any CPU
		{DC1D90E1-C310-47E7-B810-4B1BC486FCAB}.Debug|Any CPU.ActiveCfg = Debug|Any CPU
		{DC1D90E1-C310-47E7-B810-4B1BC486FCAB}.Debug|Any CPU.Build.0 = Debug|Any CPU
		{DC1D90E1-C310-47E7-B810-4B1BC486FCAB}.Release|Any CPU.ActiveCfg = Release|Any CPU
		{DC1D90E1-C310-47E7-B810-4B1BC486FCAB}.Release|Any CPU.Build.0 = Release|Any CPU
	EndGlobalSection
	GlobalSection(SolutionProperties) = preSolution
		HideSolutionNode = FALSE
	EndGlobalSection
	GlobalSection(ExtensibilityGlobals) = postSolution
		SolutionGuid = {7E8FDD40-92E9-46E1-BB22-8396B7D848F7}
	EndGlobalSection
EndGlobal
